
Microsoft Visual Studio Solution File, Format Version 12.00
# Visual Studio Version 17
VisualStudioVersion = 17.14.36705.20
MinimumVisualStudioVersion = 10.0.40219.1
Project("{FAE04EC0-301F-11D3-BF4B-00C04F79EFBC}") = "MyDarts.Api", "MyDarts.Api.csproj", "{69163CDB-E48A-A8E1-1D2F-E89AE5D3948E}"
EndProject
Project("{FAE04EC0-301F-11D3-BF4B-00C04F79EFBC}") = "MyDarts.Tests", "..\MyDarts.Tests\MyDarts.Tests.csproj", "{4A88C193-C812-375F-44B4-00A27F20EC59}"
EndProject
Global
	GlobalSection(SolutionConfigurationPlatforms) = preSolution
		Debug|Any CPU = Debug|Any CPU
		Release|Any CPU = Release|Any CPU
	EndGlobalSection
	GlobalSection(ProjectConfigurationPlatforms) = postSolution
		{69163CDB-E48A-A8E1-1D2F-E89AE5D3948E}.Debug|Any CPU.ActiveCfg = Debug|Any CPU
		{69163CDB-E48A-A8E1-1D2F-E89AE5D3948E}.Debug|Any CPU.Build.0 = Debug|Any CPU
		{69163CDB-E48A-A8E1-1D2F-E89AE5D3948E}.Release|Any CPU.ActiveCfg = Release|Any CPU
		{69163CDB-E48A-A8E1-1D2F-E89AE5D3948E}.Release|Any CPU.Build.0 = Release|Any CPU
		{4A88C193-C812-375F-44B4-00A27F20EC59}.Debug|Any CPU.ActiveCfg = Debug|Any CPU
		{4A88C193-C812-375F-44B4-00A27F20EC59}.Debug|Any CPU.Build.0 = Debug|Any CPU
		{4A88C193-C812-375F-44B4-00A27F20EC59}.Release|Any CPU.ActiveCfg = Release|Any CPU
		{4A88C193-C812-375F-44B4-00A27F20EC59}.Release|Any CPU.Build.0 = Release|Any CPU
	EndGlobalSection
	GlobalSection(SolutionProperties) = preSolution
		HideSolutionNode = FALSE
	EndGlobalSection
	GlobalSection(ExtensibilityGlobals) = postSolution
		SolutionGuid = {444A00AF-40C3-401C-993A-381C1783DA97}
	EndGlobalSection
EndGlobal
